
Microsoft Visual Studio Solution File, Format Version 12.00
# Visual Studio Version 16
VisualStudioVersion = 16.0.30907.101
MinimumVisualStudioVersion = 10.0.40219.1
Project("{FAE04EC0-301F-11D3-BF4B-00C04F79EFBC}") = "Cifrado_ED2_DiegoRamirez_DanielElias", "Cifrado_ED2_DiegoRamirez_DanielElias\Cifrado_ED2_DiegoRamirez_DanielElias.csproj", "{1F906068-B03F-4B6E-84EA-92113992B871}"
EndProject
Global
	GlobalSection(SolutionConfigurationPlatforms) = preSolution
		Debug|Any CPU = Debug|Any CPU
		Release|Any CPU = Release|Any CPU
	EndGlobalSection
	GlobalSection(ProjectConfigurationPlatforms) = postSolution
		{1F906068-B03F-4B6E-84EA-92113992B871}.Debug|Any CPU.ActiveCfg = Debug|Any CPU
		{1F906068-B03F-4B6E-84EA-92113992B871}.Debug|Any CPU.Build.0 = Debug|Any CPU
		{1F906068-B03F-4B6E-84EA-92113992B871}.Release|Any CPU.ActiveCfg = Release|Any CPU
		{1F906068-B03F-4B6E-84EA-92113992B871}.Release|Any CPU.Build.0 = Release|Any CPU
	EndGlobalSection
	GlobalSection(SolutionProperties) = preSolution
		HideSolutionNode = FALSE
	EndGlobalSection
	GlobalSection(ExtensibilityGlobals) = postSolution
		SolutionGuid = {FF5FEBF0-C585-4624-A844-1D6ACDB6ED0C}
	EndGlobalSection
EndGlobal
